
Microsoft Visual Studio Solution File, Format Version 12.00
# Visual Studio Version 17
VisualStudioVersion = 17.8.34511.84
MinimumVisualStudioVersion = 10.0.40219.1
Project("{FAE04EC0-301F-11D3-BF4B-00C04F79EFBC}") = "OtusInnerprocessInteraction", "OtusInnerprocessInteraction\OtusInnerprocessInteraction.csproj", "{205A1D76-AB75-4639-B377-B156A4CC41B5}"
EndProject
Global
	GlobalSection(SolutionConfigurationPlatforms) = preSolution
		Debug|Any CPU = Debug|Any CPU
		Release|Any CPU = Release|Any CPU
	EndGlobalSection
	GlobalSection(ProjectConfigurationPlatforms) = postSolution
		{205A1D76-AB75-4639-B377-B156A4CC41B5}.Debug|Any CPU.ActiveCfg = Debug|Any CPU
		{205A1D76-AB75-4639-B377-B156A4CC41B5}.Debug|Any CPU.Build.0 = Debug|Any CPU
		{205A1D76-AB75-4639-B377-B156A4CC41B5}.Release|Any CPU.ActiveCfg = Release|Any CPU
		{205A1D76-AB75-4639-B377-B156A4CC41B5}.Release|Any CPU.Build.0 = Release|Any CPU
	EndGlobalSection
	GlobalSection(SolutionProperties) = preSolution
		HideSolutionNode = FALSE
	EndGlobalSection
	GlobalSection(ExtensibilityGlobals) = postSolution
		SolutionGuid = {0F904006-D154-4E1A-BDA5-AEB71A850E2D}
	EndGlobalSection
EndGlobal
